
Microsoft Visual Studio Solution File, Format Version 12.00
# Visual Studio Version 17
VisualStudioVersion = 17.12.35707.178 d17.12
MinimumVisualStudioVersion = 10.0.40219.1
Project("{FAE04EC0-301F-11D3-BF4B-00C04F79EFBC}") = "Demo", "Demo\Demo.csproj", "{1B3B545E-C7B4-40CF-A81C-7570DE6198E0}"
EndProject
Project("{FAE04EC0-301F-11D3-BF4B-00C04F79EFBC}") = "Assignment", "Assignment\Assignment.csproj", "{6500818C-AF98-48A8-ACEF-CBFD0F9602CF}"
EndProject
Global
	GlobalSection(SolutionConfigurationPlatforms) = preSolution
		Debug|Any CPU = Debug|Any CPU
		Release|Any CPU = Release|Any CPU
	EndGlobalSection
	GlobalSection(ProjectConfigurationPlatforms) = postSolution
		{1B3B545E-C7B4-40CF-A81C-7570DE6198E0}.Debug|Any CPU.ActiveCfg = Debug|Any CPU
		{1B3B545E-C7B4-40CF-A81C-7570DE6198E0}.Debug|Any CPU.Build.0 = Debug|Any CPU
		{1B3B545E-C7B4-40CF-A81C-7570DE6198E0}.Release|Any CPU.ActiveCfg = Release|Any CPU
		{1B3B545E-C7B4-40CF-A81C-7570DE6198E0}.Release|Any CPU.Build.0 = Release|Any CPU
		{6500818C-AF98-48A8-ACEF-CBFD0F9602CF}.Debug|Any CPU.ActiveCfg = Debug|Any CPU
		{6500818C-AF98-48A8-ACEF-CBFD0F9602CF}.Debug|Any CPU.Build.0 = Debug|Any CPU
		{6500818C-AF98-48A8-ACEF-CBFD0F9602CF}.Release|Any CPU.ActiveCfg = Release|Any CPU
		{6500818C-AF98-48A8-ACEF-CBFD0F9602CF}.Release|Any CPU.Build.0 = Release|Any CPU
	EndGlobalSection
	GlobalSection(SolutionProperties) = preSolution
		HideSolutionNode = FALSE
	EndGlobalSection
EndGlobal
